# This file is autogenerated, do not edit; changes may be undone by the next 'dep ensure'.


[[projects]]
  name = "github.com/aws/aws-lambda-go"
  packages = ["lambda/messages","lambdacontext"]
  revision = "e630af386f8aad6ec9fc899b951cf62d37cfe56f"
  version = "v1.4.0"

[[projects]]
  name = "github.com/aws/aws-sdk-go-v2"
  packages = ["aws","aws/awserr","aws/signer/v4","internal/awsutil","internal/sdk","private/protocol","private/protocol/json","private/protocol/json/jsonutil","private/protocol/jsonrpc","private/protocol/rest","private/protocol/restjson","service/lambda"]
  revision = "ff1a530c31507c97cf5edbee226e604ca08661cc"
  version = "v2.0.0-preview.4"

[[projects]]
  name = "github.com/jmespath/go-jmespath"
  packages = ["."]
  revision = "0b12d6b5"

[[projects]]
  name = "github.com/mrzahrada/aws-lambda-go"
  packages = ["lambda"]
  revision = "6e2e37798efbb1dfd8e9c6681702e683a6046517"
  version = "v1.0.1"

[solve-meta]
  analyzer-name = "dep"
  analyzer-version = 1
  inputs-digest = "673d578b58c655fccb92889d91b95187ac99e47d61951b02b35f3ed0c8faa288"
  solver-name = "gps-cdcl"
  solver-version = 1
